
Microsoft Visual Studio Solution File, Format Version 12.00
# Visual Studio Version 18
VisualStudioVersion = 18.1.11304.174 d18.0
MinimumVisualStudioVersion = 10.0.40219.1
Project("{9A19103F-16F7-4668-BE54-9A1E7A4F7556}") = "LeetCode", "LeetCode\LeetCode.csproj", "{02BAD1F9-6990-47DE-B511-DE64EFBFD598}"
EndProject
Project("{9A19103F-16F7-4668-BE54-9A1E7A4F7556}") = "LeetCode.Tests", "LeetCode.Tests\LeetCode.Tests.csproj", "{289D23D4-C93B-4930-AAC4-81C8B8AD544A}"
EndProject
Project("{9A19103F-16F7-4668-BE54-9A1E7A4F7556}") = "Myers", "Myers\Myers.csproj", "{C6C35A83-1D05-4695-B03F-3829CBFC53B7}"
EndProject
Global
	GlobalSection(SolutionConfigurationPlatforms) = preSolution
		Debug|Any CPU = Debug|Any CPU
		Release|Any CPU = Release|Any CPU
	EndGlobalSection
	GlobalSection(ProjectConfigurationPlatforms) = postSolution
		{02BAD1F9-6990-47DE-B511-DE64EFBFD598}.Debug|Any CPU.ActiveCfg = Debug|Any CPU
		{02BAD1F9-6990-47DE-B511-DE64EFBFD598}.Debug|Any CPU.Build.0 = Debug|Any CPU
		{02BAD1F9-6990-47DE-B511-DE64EFBFD598}.Release|Any CPU.ActiveCfg = Release|Any CPU
		{02BAD1F9-6990-47DE-B511-DE64EFBFD598}.Release|Any CPU.Build.0 = Release|Any CPU
		{289D23D4-C93B-4930-AAC4-81C8B8AD544A}.Debug|Any CPU.ActiveCfg = Debug|Any CPU
		{289D23D4-C93B-4930-AAC4-81C8B8AD544A}.Debug|Any CPU.Build.0 = Debug|Any CPU
		{289D23D4-C93B-4930-AAC4-81C8B8AD544A}.Release|Any CPU.ActiveCfg = Release|Any CPU
		{289D23D4-C93B-4930-AAC4-81C8B8AD544A}.Release|Any CPU.Build.0 = Release|Any CPU
		{C6C35A83-1D05-4695-B03F-3829CBFC53B7}.Debug|Any CPU.ActiveCfg = Debug|Any CPU
		{C6C35A83-1D05-4695-B03F-3829CBFC53B7}.Debug|Any CPU.Build.0 = Debug|Any CPU
		{C6C35A83-1D05-4695-B03F-3829CBFC53B7}.Release|Any CPU.ActiveCfg = Release|Any CPU
		{C6C35A83-1D05-4695-B03F-3829CBFC53B7}.Release|Any CPU.Build.0 = Release|Any CPU
	EndGlobalSection
	GlobalSection(SolutionProperties) = preSolution
		HideSolutionNode = FALSE
	EndGlobalSection
	GlobalSection(ExtensibilityGlobals) = postSolution
		SolutionGuid = {4002F535-91BB-463A-9EC8-13158102C000}
	EndGlobalSection
EndGlobal
